
Microsoft Visual Studio Solution File, Format Version 12.00
# Visual Studio Version 17
VisualStudioVersion = 17.12.35514.174 d17.12
MinimumVisualStudioVersion = 10.0.40219.1
Project("{FAE04EC0-301F-11D3-BF4B-00C04F79EFBC}") = "WebAppApi", "WebAppApi.csproj", "{08E70A4E-524F-49E2-8E95-2C39D826E796}"
EndProject
Global
	GlobalSection(SolutionConfigurationPlatforms) = preSolution
		Debug|Any CPU = Debug|Any CPU
		Release|Any CPU = Release|Any CPU
	EndGlobalSection
	GlobalSection(ProjectConfigurationPlatforms) = postSolution
		{08E70A4E-524F-49E2-8E95-2C39D826E796}.Debug|Any CPU.ActiveCfg = Debug|Any CPU
		{08E70A4E-524F-49E2-8E95-2C39D826E796}.Debug|Any CPU.Build.0 = Debug|Any CPU
		{08E70A4E-524F-49E2-8E95-2C39D826E796}.Release|Any CPU.ActiveCfg = Release|Any CPU
		{08E70A4E-524F-49E2-8E95-2C39D826E796}.Release|Any CPU.Build.0 = Release|Any CPU
	EndGlobalSection
	GlobalSection(SolutionProperties) = preSolution
		HideSolutionNode = FALSE
	EndGlobalSection
EndGlobal
