
Microsoft Visual Studio Solution File, Format Version 12.00
# Visual Studio Version 17
VisualStudioVersion = 17.11.35327.3
MinimumVisualStudioVersion = 10.0.40219.1
Project("{FAE04EC0-301F-11D3-BF4B-00C04F79EFBC}") = "video1", "video1\video1.csproj", "{08C61FF6-B2A0-4C92-AF85-EEBCBAD4EE82}"
EndProject
Global
	GlobalSection(SolutionConfigurationPlatforms) = preSolution
		Debug|Any CPU = Debug|Any CPU
		Release|Any CPU = Release|Any CPU
	EndGlobalSection
	GlobalSection(ProjectConfigurationPlatforms) = postSolution
		{08C61FF6-B2A0-4C92-AF85-EEBCBAD4EE82}.Debug|Any CPU.ActiveCfg = Debug|Any CPU
		{08C61FF6-B2A0-4C92-AF85-EEBCBAD4EE82}.Debug|Any CPU.Build.0 = Debug|Any CPU
		{08C61FF6-B2A0-4C92-AF85-EEBCBAD4EE82}.Release|Any CPU.ActiveCfg = Release|Any CPU
		{08C61FF6-B2A0-4C92-AF85-EEBCBAD4EE82}.Release|Any CPU.Build.0 = Release|Any CPU
	EndGlobalSection
	GlobalSection(SolutionProperties) = preSolution
		HideSolutionNode = FALSE
	EndGlobalSection
	GlobalSection(ExtensibilityGlobals) = postSolution
		SolutionGuid = {4C92B740-9DB8-4617-9738-CF499B20DBCE}
	EndGlobalSection
EndGlobal
