
Microsoft Visual Studio Solution File, Format Version 12.00
# Visual Studio Version 17
VisualStudioVersion = 17.11.35312.102
MinimumVisualStudioVersion = 10.0.40219.1
Project("{FAE04EC0-301F-11D3-BF4B-00C04F79EFBC}") = "Ejercicio01_05 poo03", "Ejercicio01_05 poo03\Ejercicio01_05 poo03.csproj", "{D9DCF218-2E42-4EE7-8A39-960BAC30D36E}"
EndProject
Global
	GlobalSection(SolutionConfigurationPlatforms) = preSolution
		Debug|Any CPU = Debug|Any CPU
		Release|Any CPU = Release|Any CPU
	EndGlobalSection
	GlobalSection(ProjectConfigurationPlatforms) = postSolution
		{D9DCF218-2E42-4EE7-8A39-960BAC30D36E}.Debug|Any CPU.ActiveCfg = Debug|Any CPU
		{D9DCF218-2E42-4EE7-8A39-960BAC30D36E}.Debug|Any CPU.Build.0 = Debug|Any CPU
		{D9DCF218-2E42-4EE7-8A39-960BAC30D36E}.Release|Any CPU.ActiveCfg = Release|Any CPU
		{D9DCF218-2E42-4EE7-8A39-960BAC30D36E}.Release|Any CPU.Build.0 = Release|Any CPU
	EndGlobalSection
	GlobalSection(SolutionProperties) = preSolution
		HideSolutionNode = FALSE
	EndGlobalSection
	GlobalSection(ExtensibilityGlobals) = postSolution
		SolutionGuid = {F5F0A917-A9FF-4978-9173-D8AA07BBB30D}
	EndGlobalSection
EndGlobal
