
Microsoft Visual Studio Solution File, Format Version 12.00
# Visual Studio Version 17
VisualStudioVersion = 17.11.35327.3
MinimumVisualStudioVersion = 10.0.40219.1
Project("{FAE04EC0-301F-11D3-BF4B-00C04F79EFBC}") = "ConsolaAppNominaoo04", "ConsolaAppNominaoo04\ConsolaAppNominaoo04.csproj", "{434037BF-331C-4944-9842-F648A2ED3D0A}"
EndProject
Global
	GlobalSection(SolutionConfigurationPlatforms) = preSolution
		Debug|Any CPU = Debug|Any CPU
		Release|Any CPU = Release|Any CPU
	EndGlobalSection
	GlobalSection(ProjectConfigurationPlatforms) = postSolution
		{434037BF-331C-4944-9842-F648A2ED3D0A}.Debug|Any CPU.ActiveCfg = Debug|Any CPU
		{434037BF-331C-4944-9842-F648A2ED3D0A}.Debug|Any CPU.Build.0 = Debug|Any CPU
		{434037BF-331C-4944-9842-F648A2ED3D0A}.Release|Any CPU.ActiveCfg = Release|Any CPU
		{434037BF-331C-4944-9842-F648A2ED3D0A}.Release|Any CPU.Build.0 = Release|Any CPU
	EndGlobalSection
	GlobalSection(SolutionProperties) = preSolution
		HideSolutionNode = FALSE
	EndGlobalSection
	GlobalSection(ExtensibilityGlobals) = postSolution
		SolutionGuid = {79C3B0CC-BCC1-49B3-8057-C5E68E5C051A}
	EndGlobalSection
EndGlobal
