
Microsoft Visual Studio Solution File, Format Version 12.00
# Visual Studio Version 17
VisualStudioVersion = 17.11.35327.3
MinimumVisualStudioVersion = 10.0.40219.1
Project("{FAE04EC0-301F-11D3-BF4B-00C04F79EFBC}") = "ConsoleAppDBNomina", "ConsoleAppDBNomina\ConsoleAppDBNomina.csproj", "{E5E6783D-69CB-4D08-A34B-CF289EE562C3}"
EndProject
Global
	GlobalSection(SolutionConfigurationPlatforms) = preSolution
		Debug|Any CPU = Debug|Any CPU
		Release|Any CPU = Release|Any CPU
	EndGlobalSection
	GlobalSection(ProjectConfigurationPlatforms) = postSolution
		{E5E6783D-69CB-4D08-A34B-CF289EE562C3}.Debug|Any CPU.ActiveCfg = Debug|Any CPU
		{E5E6783D-69CB-4D08-A34B-CF289EE562C3}.Debug|Any CPU.Build.0 = Debug|Any CPU
		{E5E6783D-69CB-4D08-A34B-CF289EE562C3}.Release|Any CPU.ActiveCfg = Release|Any CPU
		{E5E6783D-69CB-4D08-A34B-CF289EE562C3}.Release|Any CPU.Build.0 = Release|Any CPU
	EndGlobalSection
	GlobalSection(SolutionProperties) = preSolution
		HideSolutionNode = FALSE
	EndGlobalSection
	GlobalSection(ExtensibilityGlobals) = postSolution
		SolutionGuid = {581D9F14-19E7-452E-9A24-F23C0CF976A7}
	EndGlobalSection
EndGlobal
