
Microsoft Visual Studio Solution File, Format Version 12.00
# Visual Studio Version 17
VisualStudioVersion = 17.11.35327.3
MinimumVisualStudioVersion = 10.0.40219.1
Project("{FAE04EC0-301F-11D3-BF4B-00C04F79EFBC}") = "Ejercicio01_05", "Ejercicio01_05\Ejercicio01_05.csproj", "{035DEA93-C61B-445E-AA73-226BDD133780}"
EndProject
Global
	GlobalSection(SolutionConfigurationPlatforms) = preSolution
		Debug|Any CPU = Debug|Any CPU
		Release|Any CPU = Release|Any CPU
	EndGlobalSection
	GlobalSection(ProjectConfigurationPlatforms) = postSolution
		{035DEA93-C61B-445E-AA73-226BDD133780}.Debug|Any CPU.ActiveCfg = Debug|Any CPU
		{035DEA93-C61B-445E-AA73-226BDD133780}.Debug|Any CPU.Build.0 = Debug|Any CPU
		{035DEA93-C61B-445E-AA73-226BDD133780}.Release|Any CPU.ActiveCfg = Release|Any CPU
		{035DEA93-C61B-445E-AA73-226BDD133780}.Release|Any CPU.Build.0 = Release|Any CPU
	EndGlobalSection
	GlobalSection(SolutionProperties) = preSolution
		HideSolutionNode = FALSE
	EndGlobalSection
	GlobalSection(ExtensibilityGlobals) = postSolution
		SolutionGuid = {F8C1B6CF-541C-40EB-AB5B-993F72840603}
	EndGlobalSection
EndGlobal
