
Microsoft Visual Studio Solution File, Format Version 12.00
# Visual Studio Version 17
VisualStudioVersion = 17.11.35327.3
MinimumVisualStudioVersion = 10.0.40219.1
Project("{FAE04EC0-301F-11D3-BF4B-00C04F79EFBC}") = "jesus", "jesus\jesus.csproj", "{4510DB0C-5D90-4410-9E0F-BFE0019C85AA}"
EndProject
Global
	GlobalSection(SolutionConfigurationPlatforms) = preSolution
		Debug|Any CPU = Debug|Any CPU
		Release|Any CPU = Release|Any CPU
	EndGlobalSection
	GlobalSection(ProjectConfigurationPlatforms) = postSolution
		{4510DB0C-5D90-4410-9E0F-BFE0019C85AA}.Debug|Any CPU.ActiveCfg = Debug|Any CPU
		{4510DB0C-5D90-4410-9E0F-BFE0019C85AA}.Debug|Any CPU.Build.0 = Debug|Any CPU
		{4510DB0C-5D90-4410-9E0F-BFE0019C85AA}.Release|Any CPU.ActiveCfg = Release|Any CPU
		{4510DB0C-5D90-4410-9E0F-BFE0019C85AA}.Release|Any CPU.Build.0 = Release|Any CPU
	EndGlobalSection
	GlobalSection(SolutionProperties) = preSolution
		HideSolutionNode = FALSE
	EndGlobalSection
	GlobalSection(ExtensibilityGlobals) = postSolution
		SolutionGuid = {E4B4C26F-A2E3-4278-9A5C-6E6733DD15A0}
	EndGlobalSection
EndGlobal
